// !$*UTF8*$!
{
	archiveVersion = 1;
	classes = {
	};
	objectVersion = 77;
	objects = {

/* Begin PBXContainerItemProxy section */
		9B23364F2ECB699E00F9524B /* PBXContainerItemProxy */ = {
			isa = PBXContainerItemProxy;
			containerPortal = 9B2336362ECB699C00F9524B /* Project object */;
			proxyType = 1;
			remoteGlobalIDString = 9B23363D2ECB699D00F9524B;
			remoteInfo = rickAndMortySwiftUI;
		};
		9B2336592ECB699E00F9524B /* PBXContainerItemProxy */ = {
			isa = PBXContainerItemProxy;
			containerPortal = 9B2336362ECB699C00F9524B /* Project object */;
			proxyType = 1;
			remoteGlobalIDString = 9B23363D2ECB699D00F9524B;
			remoteInfo = rickAndMortySwiftUI;
		};
/* End PBXContainerItemProxy section */

/* Begin PBXFileReference section */
		9B23363E2ECB699D00F9524B /* rickAndMortySwiftUI.app */ = {isa = PBXFileReference; explicitFileType = wrapper.application; includeInIndex = 0; path = rickAndMortySwiftUI.app; sourceTree = BUILT_PRODUCTS_DIR; };
		9B23364E2ECB699E00F9524B /* rickAndMortySwiftUITests.xctest */ = {isa = PBXFileReference; explicitFileType = wrapper.cfbundle; includeInIndex = 0; path = rickAndMortySwiftUITests.xctest; sourceTree = BUILT_PRODUCTS_DIR; };
		9B2336582ECB699E00F9524B /* rickAndMortySwiftUIUITests.xctest */ = {isa = PBXFileReference; explicitFileType = wrapper.cfbundle; includeInIndex = 0; path = rickAndMortySwiftUIUITests.xctest; sourceTree = BUILT_PRODUCTS_DIR; };
/* End PBXFileReference section */

/* Begin PBXFileSystemSynchronizedRootGroup section */
		9B2336402ECB699D00F9524B /* rickAndMortySwiftUI */ = {
			isa = PBXFileSystemSynchronizedRootGroup;
			path = rickAndMortySwiftUI;
			sourceTree = "<group>";
		};
		9B2336512ECB699E00F9524B /* rickAndMortySwiftUITests */ = {
			isa = PBXFileSystemSynchronizedRootGroup;
			path = rickAndMortySwiftUITests;
			sourceTree = "<group>";
		};
		9B23365B2ECB699E00F9524B /* rickAndMortySwiftUIUITests */ = {
			isa = PBXFileSystemSynchronizedRootGroup;
			path = rickAndMortySwiftUIUITests;
			sourceTree = "<group>";
		};
/* End PBXFileSystemSynchronizedRootGroup section */

/* Begin PBXFrameworksBuildPhase section */
		9B23363B2ECB699D00F9524B /* Frameworks */ = {
			isa = PBXFrameworksBuildPhase;
			buildActionMask = 2147483647;
			files = (
			);
			runOnlyForDeploymentPostprocessing = 0;
		};
		9B23364B2ECB699E00F9524B /* Frameworks */ = {
			isa = PBXFrameworksBuildPhase;
			buildActionMask = 2147483647;
			files = (
			);
			runOnlyForDeploymentPostprocessing = 0;
		};
		9B2336552ECB699E00F9524B /* Frameworks */ = {
			isa = PBXFrameworksBuildPhase;
			buildActionMask = 2147483647;
			files = (
			);
			runOnlyForDeploymentPostprocessing = 0;
		};
/* End PBXFrameworksBuildPhase section */

/* Begin PBXGroup section */
		9B2336352ECB699C00F9524B = {
			isa = PBXGroup;
			children = (
				9B2336402ECB699D00F9524B /* rickAndMortySwiftUI */,
				9B2336512ECB699E00F9524B /* rickAndMortySwiftUITests */,
				9B23365B2ECB699E00F9524B /* rickAndMortySwiftUIUITests */,
				9B23363F2ECB699D00F9524B /* Products */,
			);
			sourceTree = "<group>";
		};
		9B23363F2ECB699D00F9524B /* Products */ = {
			isa = PBXGroup;
			children = (
				9B23363E2ECB699D00F9524B /* rickAndMortySwiftUI.app */,
				9B23364E2ECB699E00F9524B /* rickAndMortySwiftUITests.xctest */,
				9B2336582ECB699E00F9524B /* rickAndMortySwiftUIUITests.xctest */,
			);
			name = Products;
			sourceTree = "<group>";
		};
/* End PBXGroup section */

/* Begin PBXNativeTarget section */
		9B23363D2ECB699D00F9524B /* rickAndMortySwiftUI */ = {
			isa = PBXNativeTarget;
			buildConfigurationList = 9B2336622ECB699E00F9524B /* Build configuration list for PBXNativeTarget "rickAndMortySwiftUI" */;
			buildPhases = (
				9B23363A2ECB699D00F9524B /* Sources */,
				9B23363B2ECB699D00F9524B /* Frameworks */,
				9B23363C2ECB699D00F9524B /* Resources */,
			);
			buildRules = (
			);
			dependencies = (
			);
			fileSystemSynchronizedGroups = (
				9B2336402ECB699D00F9524B /* rickAndMortySwiftUI */,
			);
			name = rickAndMortySwiftUI;
			packageProductDependencies = (
			);
			productName = rickAndMortySwiftUI;
			productReference = 9B23363E2ECB699D00F9524B /* rickAndMortySwiftUI.app */;
			productType = "com.apple.product-type.application";
		};
		9B23364D2ECB699E00F9524B /* rickAndMortySwiftUITests */ = {
			isa = PBXNativeTarget;
			buildConfigurationList = 9B2336652ECB699E00F9524B /* Build configuration list for PBXNativeTarget "rickAndMortySwiftUITests" */;
			buildPhases = (
				9B23364A2ECB699E00F9524B /* Sources */,
				9B23364B2ECB699E00F9524B /* Frameworks */,
				9B23364C2ECB699E00F9524B /* Resources */,
			);
			buildRules = (
			);
			dependencies = (
				9B2336502ECB699E00F9524B /* PBXTargetDependency */,
			);
			fileSystemSynchronizedGroups = (
				9B2336512ECB699E00F9524B /* rickAndMortySwiftUITests */,
			);
			name = rickAndMortySwiftUITests;
			packageProductDependencies = (
			);
			productName = rickAndMortySwiftUITests;
			productReference = 9B23364E2ECB699E00F9524B /* rickAndMortySwiftUITests.xctest */;
			productType = "com.apple.product-type.bundle.unit-test";
		};
		9B2336572ECB699E00F9524B /* rickAndMortySwiftUIUITests */ = {
			isa = PBXNativeTarget;
			buildConfigurationList = 9B2336682ECB699E00F9524B /* Build configuration list for PBXNativeTarget "rickAndMortySwiftUIUITests" */;
			buildPhases = (
				9B2336542ECB699E00F9524B /* Sources */,
				9B2336552ECB699E00F9524B /* Frameworks */,
				9B2336562ECB699E00F9524B /* Resources */,
			);
			buildRules = (
			);
			dependencies = (
				9B23365A2ECB699E00F9524B /* PBXTargetDependency */,
			);
			fileSystemSynchronizedGroups = (
				9B23365B2ECB699E00F9524B /* rickAndMortySwiftUIUITests */,
			);
			name = rickAndMortySwiftUIUITests;
			packageProductDependencies = (
			);
			productName = rickAndMortySwiftUIUITests;
			productReference = 9B2336582ECB699E00F9524B /* rickAndMortySwiftUIUITests.xctest */;
			productType = "com.apple.product-type.bundle.ui-testing";
		};
/* End PBXNativeTarget section */

/* Begin PBXProject section */
		9B2336362ECB699C00F9524B /* Project object */ = {
			isa = PBXProject;
			attributes = {
				BuildIndependentTargetsInParallel = 1;
				LastSwiftUpdateCheck = 1600;
				LastUpgradeCheck = 1600;
				TargetAttributes = {
					9B23363D2ECB699D00F9524B = {
						CreatedOnToolsVersion = 16.0;
					};
					9B23364D2ECB699E00F9524B = {
						CreatedOnToolsVersion = 16.0;
						TestTargetID = 9B23363D2ECB699D00F9524B;
					};
					9B2336572ECB699E00F9524B = {
						CreatedOnToolsVersion = 16.0;
						TestTargetID = 9B23363D2ECB699D00F9524B;
					};
				};
			};
			buildConfigurationList = 9B2336392ECB699C00F9524B /* Build configuration list for PBXProject "rickAndMortySwiftUI" */;
			developmentRegion = en;
			hasScannedForEncodings = 0;
			knownRegions = (
				en,
				Base,
			);
			mainGroup = 9B2336352ECB699C00F9524B;
			minimizedProjectReferenceProxies = 1;
			preferredProjectObjectVersion = 77;
			productRefGroup = 9B23363F2ECB699D00F9524B /* Products */;
			projectDirPath = "";
			projectRoot = "";
			targets = (
				9B23363D2ECB699D00F9524B /* rickAndMortySwiftUI */,
				9B23364D2ECB699E00F9524B /* rickAndMortySwiftUITests */,
				9B2336572ECB699E00F9524B /* rickAndMortySwiftUIUITests */,
			);
		};
/* End PBXProject section */

/* Begin PBXResourcesBuildPhase section */
		9B23363C2ECB699D00F9524B /* Resources */ = {
			isa = PBXResourcesBuildPhase;
			buildActionMask = 2147483647;
			files = (
			);
			runOnlyForDeploymentPostprocessing = 0;
		};
		9B23364C2ECB699E00F9524B /* Resources */ = {
			isa = PBXResourcesBuildPhase;
			buildActionMask = 2147483647;
			files = (
			);
			runOnlyForDeploymentPostprocessing = 0;
		};
		9B2336562ECB699E00F9524B /* Resources */ = {
			isa = PBXResourcesBuildPhase;
			buildActionMask = 2147483647;
			files = (
			);
			runOnlyForDeploymentPostprocessing = 0;
		};
/* End PBXResourcesBuildPhase section */

/* Begin PBXSourcesBuildPhase section */
		9B23363A2ECB699D00F9524B /* Sources */ = {
			isa = PBXSourcesBuildPhase;
			buildActionMask = 2147483647;
			files = (
			);
			runOnlyForDeploymentPostprocessing = 0;
		};
		9B23364A2ECB699E00F9524B /* Sources */ = {
			isa = PBXSourcesBuildPhase;
			buildActionMask = 2147483647;
			files = (
			);
			runOnlyForDeploymentPostprocessing = 0;
		};
		9B2336542ECB699E00F9524B /* Sources */ = {
			isa = PBXSourcesBuildPhase;
			buildActionMask = 2147483647;
			files = (
			);
			runOnlyForDeploymentPostprocessing = 0;
		};
/* End PBXSourcesBuildPhase section */

/* Begin PBXTargetDependency section */
		9B2336502ECB699E00F9524B /* PBXTargetDependency */ = {
			isa = PBXTargetDependency;
			target = 9B23363D2ECB699D00F9524B /* rickAndMortySwiftUI */;
			targetProxy = 9B23364F2ECB699E00F9524B /* PBXContainerItemProxy */;
		};
		9B23365A2ECB699E00F9524B /* PBXTargetDependency */ = {
			isa = PBXTargetDependency;
			target = 9B23363D2ECB699D00F9524B /* rickAndMortySwiftUI */;
			targetProxy = 9B2336592ECB699E00F9524B /* PBXContainerItemProxy */;
		};
/* End PBXTargetDependency section */

/* Begin XCBuildConfiguration section */
		9B2336602ECB699E00F9524B /* Debug */ = {
			isa = XCBuildConfiguration;
			buildSettings = {
				ALWAYS_SEARCH_USER_PATHS = NO;
				ASSETCATALOG_COMPILER_GENERATE_SWIFT_ASSET_SYMBOL_EXTENSIONS = YES;
				CLANG_ANALYZER_NONNULL = YES;
				CLANG_ANALYZER_NUMBER_OBJECT_CONVERSION = YES_AGGRESSIVE;
				CLANG_CXX_LANGUAGE_STANDARD = "gnu++20";
				CLANG_ENABLE_MODULES = YES;
				CLANG_ENABLE_OBJC_ARC = YES;
				CLANG_ENABLE_OBJC_WEAK = YES;
				CLANG_WARN_BLOCK_CAPTURE_AUTORELEASING = YES;
				CLANG_WARN_BOOL_CONVERSION = YES;
				CLANG_WARN_COMMA = YES;
				CLANG_WARN_CONSTANT_CONVERSION = YES;
				CLANG_WARN_DEPRECATED_OBJC_IMPLEMENTATIONS = YES;
				CLANG_WARN_DIRECT_OBJC_ISA_USAGE = YES_ERROR;
				CLANG_WARN_DOCUMENTATION_COMMENTS = YES;
				CLANG_WARN_EMPTY_BODY = YES;
				CLANG_WARN_ENUM_CONVERSION = YES;
				CLANG_WARN_INFINITE_RECURSION = YES;
				CLANG_WARN_INT_CONVERSION = YES;
				CLANG_WARN_NON_LITERAL_NULL_CONVERSION = YES;
				CLANG_WARN_OBJC_IMPLICIT_RETAIN_SELF = YES;
				CLANG_WARN_OBJC_LITERAL_CONVERSION = YES;
				CLANG_WARN_OBJC_ROOT_CLASS = YES_ERROR;
				CLANG_WARN_QUOTED_INCLUDE_IN_FRAMEWORK_HEADER = YES;
				CLANG_WARN_RANGE_LOOP_ANALYSIS = YES;
				CLANG_WARN_STRICT_PROTOTYPES = YES;
				CLANG_WARN_SUSPICIOUS_MOVE = YES;
				CLANG_WARN_UNGUARDED_AVAILABILITY = YES_AGGRESSIVE;
				CLANG_WARN_UNREACHABLE_CODE = YES;
				CLANG_WARN__DUPLICATE_METHOD_MATCH = YES;
				COPY_PHASE_STRIP = NO;
				DEBUG_INFORMATION_FORMAT = dwarf;
				ENABLE_STRICT_OBJC_MSGSEND = YES;
				ENABLE_TESTABILITY = YES;
				ENABLE_USER_SCRIPT_SANDBOXING = YES;
				GCC_C_LANGUAGE_STANDARD = gnu17;
				GCC_DYNAMIC_NO_PIC = NO;
				GCC_NO_COMMON_BLOCKS = YES;
				GCC_OPTIMIZATION_LEVEL = 0;
				GCC_PREPROCESSOR_DEFINITIONS = (
					"DEBUG=1",
					"$(inherited)",
				);
				GCC_WARN_64_TO_32_BIT_CONVERSION = YES;
				GCC_WARN_ABOUT_RETURN_TYPE = YES_ERROR;
				GCC_WARN_UNDECLARED_SELECTOR = YES;
				GCC_WARN_UNINITIALIZED_AUTOS = YES_AGGRESSIVE;
				GCC_WARN_UNUSED_FUNCTION = YES;
				GCC_WARN_UNUSED_VARIABLE = YES;
				IPHONEOS_DEPLOYMENT_TARGET = 18.0;
				LOCALIZATION_PREFERS_STRING_CATALOGS = YES;
				MTL_ENABLE_DEBUG_INFO = INCLUDE_SOURCE;
				MTL_FAST_MATH = YES;
				ONLY_ACTIVE_ARCH = YES;
				SDKROOT = iphoneos;
				SWIFT_ACTIVE_COMPILATION_CONDITIONS = "DEBUG $(inherited)";
				SWIFT_OPTIMIZATION_LEVEL = "-Onone";
			};
			name = Debug;
		};
		9B2336612ECB699E00F9524B /* Release */ = {
			isa = XCBuildConfiguration;
			buildSettings = {
				ALWAYS_SEARCH_USER_PATHS = NO;
				ASSETCATALOG_COMPILER_GENERATE_SWIFT_ASSET_SYMBOL_EXTENSIONS = YES;
				CLANG_ANALYZER_NONNULL = YES;
				CLANG_ANALYZER_NUMBER_OBJECT_CONVERSION = YES_AGGRESSIVE;
				CLANG_CXX_LANGUAGE_STANDARD = "gnu++20";
				CLANG_ENABLE_MODULES = YES;
				CLANG_ENABLE_OBJC_ARC = YES;
				CLANG_ENABLE_OBJC_WEAK = YES;
				CLANG_WARN_BLOCK_CAPTURE_AUTORELEASING = YES;
				CLANG_WARN_BOOL_CONVERSION = YES;
				CLANG_WARN_COMMA = YES;
				CLANG_WARN_CONSTANT_CONVERSION = YES;
				CLANG_WARN_DEPRECATED_OBJC_IMPLEMENTATIONS = YES;
				CLANG_WARN_DIRECT_OBJC_ISA_USAGE = YES_ERROR;
				CLANG_WARN_DOCUMENTATION_COMMENTS = YES;
				CLANG_WARN_EMPTY_BODY = YES;
				CLANG_WARN_ENUM_CONVERSION = YES;
				CLANG_WARN_INFINITE_RECURSION = YES;
				CLANG_WARN_INT_CONVERSION = YES;
				CLANG_WARN_NON_LITERAL_NULL_CONVERSION = YES;
				CLANG_WARN_OBJC_IMPLICIT_RETAIN_SELF = YES;
				CLANG_WARN_OBJC_LITERAL_CONVERSION = YES;
				CLANG_WARN_OBJC_ROOT_CLASS = YES_ERROR;
				CLANG_WARN_QUOTED_INCLUDE_IN_FRAMEWORK_HEADER = YES;
				CLANG_WARN_RANGE_LOOP_ANALYSIS = YES;
				CLANG_WARN_STRICT_PROTOTYPES = YES;
				CLANG_WARN_SUSPICIOUS_MOVE = YES;
				CLANG_WARN_UNGUARDED_AVAILABILITY = YES_AGGRESSIVE;
				CLANG_WARN_UNREACHABLE_CODE = YES;
				CLANG_WARN__DUPLICATE_METHOD_MATCH = YES;
				COPY_PHASE_STRIP = NO;
				DEBUG_INFORMATION_FORMAT = "dwarf-with-dsym";
				ENABLE_NS_ASSERTIONS = NO;
				ENABLE_STRICT_OBJC_MSGSEND = YES;
				ENABLE_USER_SCRIPT_SANDBOXING = YES;
				GCC_C_LANGUAGE_STANDARD = gnu17;
				GCC_NO_COMMON_BLOCKS = YES;
				GCC_WARN_64_TO_32_BIT_CONVERSION = YES;
				GCC_WARN_ABOUT_RETURN_TYPE = YES_ERROR;
				GCC_WARN_UNDECLARED_SELECTOR = YES;
				GCC_WARN_UNINITIALIZED_AUTOS = YES_AGGRESSIVE;
				GCC_WARN_UNUSED_FUNCTION = YES;
				GCC_WARN_UNUSED_VARIABLE = YES;
				IPHONEOS_DEPLOYMENT_TARGET = 18.0;
				LOCALIZATION_PREFERS_STRING_CATALOGS = YES;
				MTL_ENABLE_DEBUG_INFO = NO;
				MTL_FAST_MATH = YES;
				SDKROOT = iphoneos;
				SWIFT_COMPILATION_MODE = wholemodule;
				VALIDATE_PRODUCT = YES;
			};
			name = Release;
		};
		9B2336632ECB699E00F9524B /* Debug */ = {
			isa = XCBuildConfiguration;
			buildSettings = {
				ASSETCATALOG_COMPILER_APPICON_NAME = AppIcon;
				ASSETCATALOG_COMPILER_GLOBAL_ACCENT_COLOR_NAME = AccentColor;
				CODE_SIGN_STYLE = Automatic;
				CURRENT_PROJECT_VERSION = 1;
				DEVELOPMENT_ASSET_PATHS = "\"rickAndMortySwiftUI/Preview Content\"";
				ENABLE_PREVIEWS = YES;
				GENERATE_INFOPLIST_FILE = YES;
				INFOPLIST_KEY_UIApplicationSceneManifest_Generation = YES;
				INFOPLIST_KEY_UIApplicationSupportsIndirectInputEvents = YES;
				INFOPLIST_KEY_UILaunchScreen_Generation = YES;
				INFOPLIST_KEY_UISupportedInterfaceOrientations_iPad = "UIInterfaceOrientationPortrait UIInterfaceOrientationPortraitUpsideDown UIInterfaceOrientationLandscapeLeft UIInterfaceOrientationLandscapeRight";
				INFOPLIST_KEY_UISupportedInterfaceOrientations_iPhone = "UIInterfaceOrientationPortrait UIInterfaceOrientationLandscapeLeft UIInterfaceOrientationLandscapeRight";
				LD_RUNPATH_SEARCH_PATHS = (
					"$(inherited)",
					"@executable_path/Frameworks",
				);
				MARKETING_VERSION = 1.0;
				PRODUCT_BUNDLE_IDENTIFIER = SFalcon.rickAndMortySwiftUI;
				PRODUCT_NAME = "$(TARGET_NAME)";
				SWIFT_EMIT_LOC_STRINGS = YES;
				SWIFT_VERSION = 5.0;
				TARGETED_DEVICE_FAMILY = "1,2";
			};
			name = Debug;
		};
		9B2336642ECB699E00F9524B /* Release */ = {
			isa = XCBuildConfiguration;
			buildSettings = {
				ASSETCATALOG_COMPILER_APPICON_NAME = AppIcon;
				ASSETCATALOG_COMPILER_GLOBAL_ACCENT_COLOR_NAME = AccentColor;
				CODE_SIGN_STYLE = Automatic;
				CURRENT_PROJECT_VERSION = 1;
				DEVELOPMENT_ASSET_PATHS = "\"rickAndMortySwiftUI/Preview Content\"";
				ENABLE_PREVIEWS = YES;
				GENERATE_INFOPLIST_FILE = YES;
				INFOPLIST_KEY_UIApplicationSceneManifest_Generation = YES;
				INFOPLIST_KEY_UIApplicationSupportsIndirectInputEvents = YES;
				INFOPLIST_KEY_UILaunchScreen_Generation = YES;
				INFOPLIST_KEY_UISupportedInterfaceOrientations_iPad = "UIInterfaceOrientationPortrait UIInterfaceOrientationPortraitUpsideDown UIInterfaceOrientationLandscapeLeft UIInterfaceOrientationLandscapeRight";
				INFOPLIST_KEY_UISupportedInterfaceOrientations_iPhone = "UIInterfaceOrientationPortrait UIInterfaceOrientationLandscapeLeft UIInterfaceOrientationLandscapeRight";
				LD_RUNPATH_SEARCH_PATHS = (
					"$(inherited)",
					"@executable_path/Frameworks",
				);
				MARKETING_VERSION = 1.0;
				PRODUCT_BUNDLE_IDENTIFIER = SFalcon.rickAndMortySwiftUI;
				PRODUCT_NAME = "$(TARGET_NAME)";
				SWIFT_EMIT_LOC_STRINGS = YES;
				SWIFT_VERSION = 5.0;
				TARGETED_DEVICE_FAMILY = "1,2";
			};
			name = Release;
		};
		9B2336662ECB699E00F9524B /* Debug */ = {
			isa = XCBuildConfiguration;
			buildSettings = {
				BUNDLE_LOADER = "$(TEST_HOST)";
				CODE_SIGN_STYLE = Automatic;
				CURRENT_PROJECT_VERSION = 1;
				GENERATE_INFOPLIST_FILE = YES;
				IPHONEOS_DEPLOYMENT_TARGET = 18.0;
				MARKETING_VERSION = 1.0;
				PRODUCT_BUNDLE_IDENTIFIER = SFalcon.rickAndMortySwiftUITests;
				PRODUCT_NAME = "$(TARGET_NAME)";
				SWIFT_EMIT_LOC_STRINGS = NO;
				SWIFT_VERSION = 5.0;
				TARGETED_DEVICE_FAMILY = "1,2";
				TEST_HOST = "$(BUILT_PRODUCTS_DIR)/rickAndMortySwiftUI.app/$(BUNDLE_EXECUTABLE_FOLDER_PATH)/rickAndMortySwiftUI";
			};
			name = Debug;
		};
		9B2336672ECB699E00F9524B /* Release */ = {
			isa = XCBuildConfiguration;
			buildSettings = {
				BUNDLE_LOADER = "$(TEST_HOST)";
				CODE_SIGN_STYLE = Automatic;
				CURRENT_PROJECT_VERSION = 1;
				GENERATE_INFOPLIST_FILE = YES;
				IPHONEOS_DEPLOYMENT_TARGET = 18.0;
				MARKETING_VERSION = 1.0;
				PRODUCT_BUNDLE_IDENTIFIER = SFalcon.rickAndMortySwiftUITests;
				PRODUCT_NAME = "$(TARGET_NAME)";
				SWIFT_EMIT_LOC_STRINGS = NO;
				SWIFT_VERSION = 5.0;
				TARGETED_DEVICE_FAMILY = "1,2";
				TEST_HOST = "$(BUILT_PRODUCTS_DIR)/rickAndMortySwiftUI.app/$(BUNDLE_EXECUTABLE_FOLDER_PATH)/rickAndMortySwiftUI";
			};
			name = Release;
		};
		9B2336692ECB699E00F9524B /* Debug */ = {
			isa = XCBuildConfiguration;
			buildSettings = {
				CODE_SIGN_STYLE = Automatic;
				CURRENT_PROJECT_VERSION = 1;
				GENERATE_INFOPLIST_FILE = YES;
				MARKETING_VERSION = 1.0;
				PRODUCT_BUNDLE_IDENTIFIER = SFalcon.rickAndMortySwiftUIUITests;
				PRODUCT_NAME = "$(TARGET_NAME)";
				SWIFT_EMIT_LOC_STRINGS = NO;
				SWIFT_VERSION = 5.0;
				TARGETED_DEVICE_FAMILY = "1,2";
				TEST_TARGET_NAME = rickAndMortySwiftUI;
			};
			name = Debug;
		};
		9B23366A2ECB699E00F9524B /* Release */ = {
			isa = XCBuildConfiguration;
			buildSettings = {
				CODE_SIGN_STYLE = Automatic;
				CURRENT_PROJECT_VERSION = 1;
				GENERATE_INFOPLIST_FILE = YES;
				MARKETING_VERSION = 1.0;
				PRODUCT_BUNDLE_IDENTIFIER = SFalcon.rickAndMortySwiftUIUITests;
				PRODUCT_NAME = "$(TARGET_NAME)";
				SWIFT_EMIT_LOC_STRINGS = NO;
				SWIFT_VERSION = 5.0;
				TARGETED_DEVICE_FAMILY = "1,2";
				TEST_TARGET_NAME = rickAndMortySwiftUI;
			};
			name = Release;
		};
/* End XCBuildConfiguration section */

/* Begin XCConfigurationList section */
		9B2336392ECB699C00F9524B /* Build configuration list for PBXProject "rickAndMortySwiftUI" */ = {
			isa = XCConfigurationList;
			buildConfigurations = (
				9B2336602ECB699E00F9524B /* Debug */,
				9B2336612ECB699E00F9524B /* Release */,
			);
			defaultConfigurationIsVisible = 0;
			defaultConfigurationName = Release;
		};
		9B2336622ECB699E00F9524B /* Build configuration list for PBXNativeTarget "rickAndMortySwiftUI" */ = {
			isa = XCConfigurationList;
			buildConfigurations = (
				9B2336632ECB699E00F9524B /* Debug */,
				9B2336642ECB699E00F9524B /* Release */,
			);
			defaultConfigurationIsVisible = 0;
			defaultConfigurationName = Release;
		};
		9B2336652ECB699E00F9524B /* Build configuration list for PBXNativeTarget "rickAndMortySwiftUITests" */ = {
			isa = XCConfigurationList;
			buildConfigurations = (
				9B2336662ECB699E00F9524B /* Debug */,
				9B2336672ECB699E00F9524B /* Release */,
			);
			defaultConfigurationIsVisible = 0;
			defaultConfigurationName = Release;
		};
		9B2336682ECB699E00F9524B /* Build configuration list for PBXNativeTarget "rickAndMortySwiftUIUITests" */ = {
			isa = XCConfigurationList;
			buildConfigurations = (
				9B2336692ECB699E00F9524B /* Debug */,
				9B23366A2ECB699E00F9524B /* Release */,
			);
			defaultConfigurationIsVisible = 0;
			defaultConfigurationName = Release;
		};
/* End XCConfigurationList section */
	};
	rootObject = 9B2336362ECB699C00F9524B /* Project object */;
}
